
Microsoft Visual Studio Solution File, Format Version 12.00
# Visual Studio 15
VisualStudioVersion = 15.0.26730.8
MinimumVisualStudioVersion = 10.0.40219.1
Project("{FAE04EC0-301F-11D3-BF4B-00C04F79EFBC}") = "mb_GeniusLyrics", "mb_GeniusLyrics\mb_GeniusLyrics.csproj", "{DEDEB646-FE9A-4638-A35C-27704F084D7B}"
EndProject
Global
	GlobalSection(SolutionConfigurationPlatforms) = preSolution
		Debug|Any CPU = Debug|Any CPU
		Release|Any CPU = Release|Any CPU
	EndGlobalSection
	GlobalSection(ProjectConfigurationPlatforms) = postSolution
		{DEDEB646-FE9A-4638-A35C-27704F084D7B}.Debug|Any CPU.ActiveCfg = Debug|Any CPU
		{DEDEB646-FE9A-4638-A35C-27704F084D7B}.Debug|Any CPU.Build.0 = Debug|Any CPU
		{DEDEB646-FE9A-4638-A35C-27704F084D7B}.Release|Any CPU.ActiveCfg = Release|Any CPU
		{DEDEB646-FE9A-4638-A35C-27704F084D7B}.Release|Any CPU.Build.0 = Release|Any CPU
	EndGlobalSection
	GlobalSection(SolutionProperties) = preSolution
		HideSolutionNode = FALSE
	EndGlobalSection
	GlobalSection(ExtensibilityGlobals) = postSolution
		SolutionGuid = {ED5B5BA7-AF53-44C4-82FA-B1566D07CD3A}
	EndGlobalSection
EndGlobal
